
Microsoft Visual Studio Solution File, Format Version 12.00
# Visual Studio Version 16
VisualStudioVersion = 16.0.30204.135
MinimumVisualStudioVersion = 10.0.40219.1
Project("{FAE04EC0-301F-11D3-BF4B-00C04F79EFBC}") = "Pixelator", "PixelArtGenerator\Pixelator.csproj", "{09CAB9AE-7918-4ECF-ABA3-F7ACDB7F76BF}"
EndProject
Global
	GlobalSection(SolutionConfigurationPlatforms) = preSolution
		Debug|Any CPU = Debug|Any CPU
		Release|Any CPU = Release|Any CPU
	EndGlobalSection
	GlobalSection(ProjectConfigurationPlatforms) = postSolution
		{09CAB9AE-7918-4ECF-ABA3-F7ACDB7F76BF}.Debug|Any CPU.ActiveCfg = Debug|Any CPU
		{09CAB9AE-7918-4ECF-ABA3-F7ACDB7F76BF}.Debug|Any CPU.Build.0 = Debug|Any CPU
		{09CAB9AE-7918-4ECF-ABA3-F7ACDB7F76BF}.Release|Any CPU.ActiveCfg = Release|Any CPU
		{09CAB9AE-7918-4ECF-ABA3-F7ACDB7F76BF}.Release|Any CPU.Build.0 = Release|Any CPU
	EndGlobalSection
	GlobalSection(SolutionProperties) = preSolution
		HideSolutionNode = FALSE
	EndGlobalSection
	GlobalSection(ExtensibilityGlobals) = postSolution
		SolutionGuid = {D0DEF9A7-34E5-4E57-97EA-5BE37D228196}
	EndGlobalSection
EndGlobal
